{
  "projects": [
    {
      "projectId": "r3ASNrnyvLLLAtDvzUioQ",
      "version": "3.12.0",
      "dependencies": {},
      "lang": "ts",
      "fileLocks": [
        {
          "assetId": "r3ASNrnyvLLLAtDvzUioQ",
          "type": "projectCss",
          "checksum": "97ec772be5160e37b26814fd84fdccb9"
        }
      ],
      "codegenVersion": "0.0.1"
    },
    {
      "projectId": "ohDidvG9XsCeFumugENU3J",
      "version": "3.7.0",
      "dependencies": {},
      "lang": "ts",
      "fileLocks": [
        {
          "assetId": "ohDidvG9XsCeFumugENU3J",
          "type": "projectCss",
          "checksum": "93726672d70545e454fbe5134deec821"
        },
        {
          "assetId": "ohDidvG9XsCeFumugENU3J",
          "checksum": "73de8759f6c0d9a50948d6d3d7bf794b",
          "type": "globalContexts"
        }
      ],
      "codegenVersion": "0.0.1"
    },
    {
      "projectId": "28Ba3BDvRe7EiWdfFNnLB6",
      "version": "2.19.0",
      "dependencies": {},
      "lang": "ts",
      "fileLocks": [
        {
          "assetId": "28Ba3BDvRe7EiWdfFNnLB6",
          "type": "projectCss",
          "checksum": "e1ec850476829c38b0f9b6d4f7ac446a"
        }
      ],
      "codegenVersion": "0.0.1"
    },
    {
      "projectId": "caTPwKxj5ZrD9LQ7DMdK4Z",
      "version": "3.16.0",
      "dependencies": {},
      "lang": "ts",
      "fileLocks": [
        {
          "assetId": "caTPwKxj5ZrD9LQ7DMdK4Z",
          "type": "projectCss",
          "checksum": "9fe64c4dd8439ba4d2df6de161f0ad40"
        }
      ],
      "codegenVersion": "0.0.1"
    },
    {
      "projectId": "7nJ7UcFmq9UzB6eXfC5z4a",
      "version": "0.14.0",
      "dependencies": {},
      "lang": "ts",
      "fileLocks": [
        {
          "assetId": "7nJ7UcFmq9UzB6eXfC5z4a",
          "type": "projectCss",
          "checksum": "05587b57f22f0ec8bb54543deb39762e"
        }
      ],
      "codegenVersion": "0.0.1"
    },
    {
      "projectId": "kmmGrmCVRJPgZ5NNJMDQ4v",
      "version": "0.13.0",
      "dependencies": {},
      "lang": "ts",
      "fileLocks": [
        {
          "assetId": "kmmGrmCVRJPgZ5NNJMDQ4v",
          "type": "projectCss",
          "checksum": "dd353f09fbdedf2e1c1db4ee86664b82"
        },
        {
          "assetId": "kmmGrmCVRJPgZ5NNJMDQ4v",
          "checksum": "6f481a4d31f5b4ae5e42a82231055e5d",
          "type": "globalContexts"
        }
      ],
      "codegenVersion": "0.0.1"
    },
    {
      "projectId": "hjKYmYi6HMwK6TRyk7ew5R",
      "version": "6.17.0",
      "dependencies": {},
      "lang": "ts",
      "fileLocks": [
        {
          "assetId": "hjKYmYi6HMwK6TRyk7ew5R",
          "type": "projectCss",
          "checksum": "e76cee85e96cb3fff580d5552a47cfe4"
        },
        {
          "assetId": "hjKYmYi6HMwK6TRyk7ew5R",
          "checksum": "812fdf26bc85a5e0d100a76859d3ee26",
          "type": "globalContexts"
        }
      ],
      "codegenVersion": "0.0.1"
    },
    {
      "projectId": "YUiM7yqBWAqsh8KSnrdj7",
      "version": "0.15.0",
      "dependencies": {},
      "lang": "ts",
      "fileLocks": [
        {
          "assetId": "YUiM7yqBWAqsh8KSnrdj7",
          "type": "projectCss",
          "checksum": "dac72600b04b6e6a3014e82512a15fe1"
        }
      ],
      "codegenVersion": "0.0.1"
    },
    {
      "projectId": "9KCXRstMoFK73ynxesey2n",
      "version": "latest",
      "dependencies": {
        "YUiM7yqBWAqsh8KSnrdj7": "0.15.0",
        "hjKYmYi6HMwK6TRyk7ew5R": "6.17.0",
        "kmmGrmCVRJPgZ5NNJMDQ4v": "0.13.0",
        "7nJ7UcFmq9UzB6eXfC5z4a": "0.14.0",
        "caTPwKxj5ZrD9LQ7DMdK4Z": "3.16.0",
        "28Ba3BDvRe7EiWdfFNnLB6": "2.19.0",
        "ohDidvG9XsCeFumugENU3J": "3.7.0",
        "r3ASNrnyvLLLAtDvzUioQ": "3.12.0"
      },
      "lang": "ts",
      "fileLocks": [
        {
          "type": "globalVariant",
          "assetId": "L1Qe8sYTbZxm7D",
          "checksum": "669c926767ebc3fd6ec7ce51d0fcd65c"
        },
        {
          "type": "globalVariant",
          "assetId": "rKmb7Bb61MDTpg",
          "checksum": "71ca9643a529b24c56fab7540589fdd5"
        },
        {
          "assetId": "9KCXRstMoFK73ynxesey2n",
          "checksum": "71e6eea9a94b6d1b2c9c5aa1b81b87f1",
          "type": "globalContexts"
        },
        {
          "type": "renderModule",
          "assetId": "-Is3XcXVugWBU",
          "checksum": "d89f729475df3e287d0774e34c5e1581"
        },
        {
          "type": "cssRules",
          "assetId": "-Is3XcXVugWBU",
          "checksum": "d89f729475df3e287d0774e34c5e1581"
        },
        {
          "type": "renderModule",
          "assetId": "Sy09CMDKU8HXB",
          "checksum": "61eed194fb37c9ff2cc1be0f8a908fa8"
        },
        {
          "type": "cssRules",
          "assetId": "Sy09CMDKU8HXB",
          "checksum": "61eed194fb37c9ff2cc1be0f8a908fa8"
        },
        {
          "type": "renderModule",
          "assetId": "YSHTZQGlCYa4ed",
          "checksum": "3867492cc8a9aa74ff931bf8d0d2d249"
        },
        {
          "type": "cssRules",
          "assetId": "YSHTZQGlCYa4ed",
          "checksum": "3867492cc8a9aa74ff931bf8d0d2d249"
        },
        {
          "type": "renderModule",
          "assetId": "yAjJI4od3pENId",
          "checksum": "4f6cbf7ac3cecc6b0fd7afea75220caa"
        },
        {
          "type": "cssRules",
          "assetId": "yAjJI4od3pENId",
          "checksum": "4f6cbf7ac3cecc6b0fd7afea75220caa"
        },
        {
          "type": "renderModule",
          "assetId": "aGk-8MhRaJXhQk",
          "checksum": "b1cdfcaed83f6a1526c6734eb1005832"
        },
        {
          "type": "cssRules",
          "assetId": "aGk-8MhRaJXhQk",
          "checksum": "b1cdfcaed83f6a1526c6734eb1005832"
        },
        {
          "type": "renderModule",
          "assetId": "Wu-O3KSjzccKH6",
          "checksum": "0aef7eb26a48a681f4190f53e15f2a03"
        },
        {
          "type": "cssRules",
          "assetId": "Wu-O3KSjzccKH6",
          "checksum": "0aef7eb26a48a681f4190f53e15f2a03"
        },
        {
          "type": "renderModule",
          "assetId": "RjVtVhV3oK9wFV",
          "checksum": "e31a5f497466c817906da52421c07ec3"
        },
        {
          "type": "cssRules",
          "assetId": "RjVtVhV3oK9wFV",
          "checksum": "e31a5f497466c817906da52421c07ec3"
        },
        {
          "type": "renderModule",
          "assetId": "_X0TtJZYf22AvO",
          "checksum": "92c9e0c5725886dc075b38cb848aaab1"
        },
        {
          "type": "cssRules",
          "assetId": "_X0TtJZYf22AvO",
          "checksum": "92c9e0c5725886dc075b38cb848aaab1"
        },
        {
          "type": "renderModule",
          "assetId": "7FOSttZv5XFufa",
          "checksum": "c1e2233e9cdc5ebe03883196d0d333a0"
        },
        {
          "type": "cssRules",
          "assetId": "7FOSttZv5XFufa",
          "checksum": "c1e2233e9cdc5ebe03883196d0d333a0"
        },
        {
          "type": "renderModule",
          "assetId": "gNux8a0n6tyhXq",
          "checksum": "791c2ef7c8ca661b64aaefae2bf4a9b1"
        },
        {
          "type": "cssRules",
          "assetId": "gNux8a0n6tyhXq",
          "checksum": "791c2ef7c8ca661b64aaefae2bf4a9b1"
        },
        {
          "type": "renderModule",
          "assetId": "dBe_6FcNIHE3X_",
          "checksum": "f0073c2d347bf6a436a1b5a12b063c03"
        },
        {
          "type": "cssRules",
          "assetId": "dBe_6FcNIHE3X_",
          "checksum": "f0073c2d347bf6a436a1b5a12b063c03"
        },
        {
          "type": "renderModule",
          "assetId": "wWyw3gA_WCKGRp",
          "checksum": "6b1c98c3a0a27e21314a8b9f0af43d6c"
        },
        {
          "type": "cssRules",
          "assetId": "wWyw3gA_WCKGRp",
          "checksum": "6b1c98c3a0a27e21314a8b9f0af43d6c"
        },
        {
          "type": "renderModule",
          "assetId": "C3-7XbqAWJS0jS",
          "checksum": "6798c3c45954169e8ae6e18b999d43ca"
        },
        {
          "type": "cssRules",
          "assetId": "C3-7XbqAWJS0jS",
          "checksum": "6798c3c45954169e8ae6e18b999d43ca"
        },
        {
          "type": "renderModule",
          "assetId": "ZTgHx8JItZ0Hjf",
          "checksum": "ab10c9b53399357270ab92df01253c49"
        },
        {
          "type": "cssRules",
          "assetId": "ZTgHx8JItZ0Hjf",
          "checksum": "ab10c9b53399357270ab92df01253c49"
        },
        {
          "type": "renderModule",
          "assetId": "77ML3zGf7X_Soj",
          "checksum": "23cb1ac7d4d9ffb5ef11b322eec2b55e"
        },
        {
          "type": "cssRules",
          "assetId": "77ML3zGf7X_Soj",
          "checksum": "23cb1ac7d4d9ffb5ef11b322eec2b55e"
        },
        {
          "type": "renderModule",
          "assetId": "yVKYeNqS92jpHQ",
          "checksum": "050c082aa83eba615cbc6717793489b1"
        },
        {
          "type": "cssRules",
          "assetId": "yVKYeNqS92jpHQ",
          "checksum": "050c082aa83eba615cbc6717793489b1"
        },
        {
          "type": "icon",
          "assetId": "kknUIhe3_NPtp8",
          "checksum": "91e1c825920ab107d205da2b9851c3f4"
        },
        {
          "type": "icon",
          "assetId": "kwPAFd7RbMGfz0",
          "checksum": "aa917378eebe445c1129fe584a545be7"
        },
        {
          "type": "icon",
          "assetId": "ff-Gh9dQ_Yop4W",
          "checksum": "2b8c6ff3046bcd90421268a158bdb63b"
        },
        {
          "type": "icon",
          "assetId": "FkJUhtstSZ0GNP",
          "checksum": "2487a4242456e0d76fc2f1a6fd489ae9"
        },
        {
          "type": "icon",
          "assetId": "t3zzP6bVzu6wUF",
          "checksum": "057eddcae3d1ca3cfe8583eca92ab0f8"
        },
        {
          "type": "icon",
          "assetId": "x8rotbm1JBSw7_",
          "checksum": "65c10e5ea1b179686f708476c2e98afd"
        },
        {
          "type": "icon",
          "assetId": "ZGhMDO5rPNcdh2",
          "checksum": "821d3f087d0adf693ffe8209a1ae76ef"
        },
        {
          "type": "icon",
          "assetId": "b3FBqYWxUU72dJ",
          "checksum": "a17d8e9192b34a764aa33a30bfbc2ab5"
        },
        {
          "type": "icon",
          "assetId": "VgH6AxRmX7QVUx",
          "checksum": "14d9febe48e20771bb4e1e5c515205f8"
        },
        {
          "type": "icon",
          "assetId": "OfW1LInGCEA6ss",
          "checksum": "5cd609739d08d358d99227870bbde4db"
        },
        {
          "type": "icon",
          "assetId": "O4r7-US2J4nbT3",
          "checksum": "53d4ccebe1efa08b6535d07945113dfd"
        },
        {
          "type": "icon",
          "assetId": "D4XCyFvQXcHiig",
          "checksum": "13fe834c394b7f82e422cc808a26b3ad"
        },
        {
          "type": "icon",
          "assetId": "XxtQhKHMua58ye",
          "checksum": "9f4740627819a7d14ecfb765d6afc6ef"
        },
        {
          "type": "icon",
          "assetId": "qnUp-Z06moI5_5",
          "checksum": "70628afc55b005dea42025d3578831e6"
        },
        {
          "type": "icon",
          "assetId": "S4LH-8kska9xTq",
          "checksum": "d43e1b87cf41bb4db4a37c7eccdb55c2"
        },
        {
          "type": "icon",
          "assetId": "ve_CEQv4lDIaD5",
          "checksum": "cf0a908dfc936f4f0a326672941588ad"
        },
        {
          "type": "icon",
          "assetId": "ZEG9dPMkpc8gU-",
          "checksum": "640175ba15924a36ecd837d9e02ede0a"
        },
        {
          "type": "image",
          "assetId": "LKUVzYfzmb5jij",
          "checksum": "c8a5c127b3cb449eedcfe716f53b154b"
        },
        {
          "type": "image",
          "assetId": "CCfbw5yGpn4DVn",
          "checksum": "db3f9766bee1f1d0847af030401de3e0"
        },
        {
          "type": "image",
          "assetId": "FJ6rmW4dVsYq0J",
          "checksum": "e839308a8a16226955371557e7608a7c"
        },
        {
          "type": "image",
          "assetId": "kqSNOFRIKrWbAD",
          "checksum": "e45da55255d052a66a2672346fc7df69"
        },
        {
          "type": "image",
          "assetId": "UyTZi6KyCCt9gE",
          "checksum": "0156b07892e7956c22a019e418845c7c"
        },
        {
          "type": "image",
          "assetId": "Dvol2sVDUtjC_J",
          "checksum": "515e82bdf19e81bb5316e938ec85c0aa"
        },
        {
          "type": "image",
          "assetId": "u2Sb1h091gwt_q",
          "checksum": "d6204b142221382d8bb9bd0e490f12a4"
        },
        {
          "type": "image",
          "assetId": "FoFhLWgz_UwPbg",
          "checksum": "a040d437df12114242877aca6312551a"
        },
        {
          "type": "image",
          "assetId": "l2Q06qQeRVUn18",
          "checksum": "b5d4b9ce018630a22697cf72d12117c2"
        },
        {
          "type": "image",
          "assetId": "gQsLgg_qSCL81i",
          "checksum": "e30be5a61098d4880bcd65ec0defb654"
        },
        {
          "type": "image",
          "assetId": "mNbB61bfAxFDVD",
          "checksum": "e82d87cb504c0d93d5d8ba0eeb5ccc98"
        },
        {
          "type": "image",
          "assetId": "MWvpOu7T2-Mk70",
          "checksum": "cf6c391775ebf9c554854f23763a7285"
        },
        {
          "type": "image",
          "assetId": "BJOX-5cH3f0NzL",
          "checksum": "ac889609c628b399b4190028fe4a3998"
        },
        {
          "type": "image",
          "assetId": "fPyM5YQASXUnpy",
          "checksum": "516c573727fbf805e5cb185646e26d23"
        },
        {
          "type": "image",
          "assetId": "r4emwGkMP3Ken3",
          "checksum": "ecea0bc96d0152c2fcec438c53629f2a"
        },
        {
          "type": "image",
          "assetId": "A3ZQOzERHnCZeO",
          "checksum": "1a8aeb7ea52b25d0209d8ec2f694aeb8"
        },
        {
          "type": "image",
          "assetId": "p1q-NQFxWpcQb3",
          "checksum": "79985a18791103dffa58efccd2a2c3b7"
        },
        {
          "type": "image",
          "assetId": "SCUqzjOfFaBjz-",
          "checksum": "f37def23d568f991321140cf37e58281"
        },
        {
          "type": "image",
          "assetId": "ee8VIwkIX0z3GZ",
          "checksum": "c76b17838739b643fd2cc1d52f5060fa"
        },
        {
          "type": "image",
          "assetId": "K1lfSo6NfNr4CF",
          "checksum": "c4f5cbc9a2f5a1b905709781d1bca0ea"
        },
        {
          "type": "image",
          "assetId": "vtcoJ7P-Wpr0KL",
          "checksum": "10b3ba5ad3029dc77618bd9452fb917e"
        },
        {
          "type": "image",
          "assetId": "Y0nPzRMk2Kl4IG",
          "checksum": "6e1b5ec77268c8cc204b004635642033"
        },
        {
          "type": "image",
          "assetId": "AS6N9UT7xRFix8",
          "checksum": "f5fa4cadc7a4b5237235e238281ef9b6"
        },
        {
          "type": "image",
          "assetId": "sg3tZCUjApk79t",
          "checksum": "7cfe049dc310ab42e5b548b469fced94"
        },
        {
          "type": "image",
          "assetId": "yx1ntS1sZELqMw",
          "checksum": "b463cb81e76ee1f7818a4aff6e539aec"
        },
        {
          "type": "image",
          "assetId": "GyzIjqVSKYULd9",
          "checksum": "aa1f4783fe743bc0966782d2aadb1382"
        },
        {
          "type": "image",
          "assetId": "_lSPg1ve0Bf33C",
          "checksum": "42181bb99e383aaafafb38d0bf1c8c5a"
        },
        {
          "type": "image",
          "assetId": "jp1s8mKsFjItGx",
          "checksum": "4153532d1c348c09d3fdc175d840fb7d"
        },
        {
          "type": "image",
          "assetId": "moSlulgdFeAwCv",
          "checksum": "e6f4dd4fd65ed0975cfa0dd97f282485"
        },
        {
          "type": "image",
          "assetId": "CKSL16TNMYIQ9-",
          "checksum": "cb2642dfcec93c102a6b4b5cffd8b50d"
        },
        {
          "type": "image",
          "assetId": "aC6uKZ5MEcKkt5",
          "checksum": "6eb339dbaac874ecf1d35679ecff2430"
        },
        {
          "type": "image",
          "assetId": "IbEK1Iq42doUkZ",
          "checksum": "2be7fa4ea75a88b02f7e9227704cb609"
        },
        {
          "type": "image",
          "assetId": "IVnPqf3X5B2F-h",
          "checksum": "6c1378c3f029a9de62250496b5850357"
        },
        {
          "type": "image",
          "assetId": "4wmJf7b0uYWP5H",
          "checksum": "b78c745aaab5ee82f182d5ba614aa88c"
        },
        {
          "type": "image",
          "assetId": "aVj-Utqnthc9Es",
          "checksum": "7027b3b8b63eeb91a3ecb9152e7d267e"
        },
        {
          "type": "image",
          "assetId": "O_YaXK7R0asyJf",
          "checksum": "807ded0994bf364d058ac48ee340e631"
        },
        {
          "type": "image",
          "assetId": "sq6EaeYUpZ5To_",
          "checksum": "c8e1e5b21b846a5bf0efa6aa46b817b3"
        },
        {
          "type": "image",
          "assetId": "nCspbLSvIqp4xs",
          "checksum": "0a5c5e23958fbaae5921f2acae93b1f1"
        },
        {
          "type": "image",
          "assetId": "f6njKdyqgiWZ9O",
          "checksum": "c147a315b74a456d305febfbc66fdce0"
        },
        {
          "type": "image",
          "assetId": "9wU5_GoJxM0ZRS",
          "checksum": "6a3bd201ce6fb5dd0a069c9ae74e0b53"
        },
        {
          "type": "image",
          "assetId": "XaASG5kvJLbt_L",
          "checksum": "37489e5ce315801d59229a728c953f8f"
        },
        {
          "type": "image",
          "assetId": "GlzV9g-xvy0FJO",
          "checksum": "5a408e21cc412fd276cebc88c8718c99"
        },
        {
          "type": "image",
          "assetId": "_NLY9HpM1oI4l2",
          "checksum": "7081c736a620f14315297a55e7ebcd8b"
        },
        {
          "type": "image",
          "assetId": "6N5IngzbvlVj0X",
          "checksum": "3437bf445208c4b664bc79dc697d9aa1"
        },
        {
          "type": "image",
          "assetId": "HnT6oy_N-yIXv8",
          "checksum": "78fa9203f7ec2b08ddd1fadafa63ee95"
        },
        {
          "type": "image",
          "assetId": "pTqlcrn2bI__yR",
          "checksum": "0a55b306ac77f8f6f7fdab9e0fed93a0"
        },
        {
          "type": "image",
          "assetId": "loSDr4ItOMM8Ti",
          "checksum": "10751de7a5937c766fc034ca712e8e4a"
        },
        {
          "type": "image",
          "assetId": "lYEpp6_hH2F_nd",
          "checksum": "e181059d608dc9d5d62082adcf7c5c4c"
        },
        {
          "type": "image",
          "assetId": "QXEfwEZWt_Et1j",
          "checksum": "afdf290b3e822e4eb07fa44e28fddd56"
        },
        {
          "type": "image",
          "assetId": "IZiEKrCvs1gCb0",
          "checksum": "08e86cacb1266ee3977c68a3500c00a5"
        },
        {
          "type": "image",
          "assetId": "ag4euwqfLcMst5",
          "checksum": "3a1fa483f88f50abf36c5ab2f068d4dc"
        },
        {
          "type": "image",
          "assetId": "kEjznN03oGZO_K",
          "checksum": "674e6eea88be7a94b6feca4e695c4770"
        },
        {
          "type": "image",
          "assetId": "-kHbhP8w8Q6DD5",
          "checksum": "727767b3d8c081c6fd5f4c58a9d50133"
        },
        {
          "type": "image",
          "assetId": "ponyfWbtwxoO0L",
          "checksum": "2d32d5891e7a89df120177907bb31361"
        },
        {
          "type": "image",
          "assetId": "jcdmOZnC6R34rl",
          "checksum": "4c2b02b0ed02aafcae9e21419e7fd7c2"
        },
        {
          "type": "image",
          "assetId": "5ngYllP1CJPgT_",
          "checksum": "80cabc4bd217b467cf6f83be1c8ce765"
        },
        {
          "type": "image",
          "assetId": "7EpEprGurypOcD",
          "checksum": "45f70c18fc2225b933ac40c9360694a1"
        },
        {
          "type": "image",
          "assetId": "iQUcrK69OLLHZ4",
          "checksum": "c0aac704cbfa6c3c49a8fa71264ed8c3"
        },
        {
          "type": "image",
          "assetId": "naLc8kuGFAsa_0",
          "checksum": "8d1c2c636018a503cacd844990d0a678"
        },
        {
          "type": "image",
          "assetId": "uZOUC0u3drDZsm",
          "checksum": "2d0b23c16e9312f36e1f13e9324e9c1d"
        },
        {
          "type": "image",
          "assetId": "PhqL1M7vKE9kCg",
          "checksum": "52cd2987be4ea71ecf3fa615b169512d"
        },
        {
          "type": "image",
          "assetId": "n83MSEkPqvtPKY",
          "checksum": "24beabf507acc37f208d308ab9b1c499"
        },
        {
          "type": "image",
          "assetId": "A6j7_OmzTWa8Lq",
          "checksum": "c8394b3fc9ae510f02fd28e3f3a9ff6e"
        },
        {
          "type": "image",
          "assetId": "F4LOONb7-EtgmR",
          "checksum": "8efd98aa3072ef654a00df1ec6fecf8f"
        },
        {
          "type": "image",
          "assetId": "BPeug7diCweS7D",
          "checksum": "3ffc85f6c87a11f581b24efb20bf2573"
        },
        {
          "type": "image",
          "assetId": "pHtuDcEHfQ4igT",
          "checksum": "f23a3df7e27b6e689f544e37d3b7397c"
        },
        {
          "type": "image",
          "assetId": "E-NckbOY9Jc72B",
          "checksum": "f0e1446d5b66cd2a48e6781372c5f481"
        },
        {
          "type": "image",
          "assetId": "C4E3cWxx4dxPmW",
          "checksum": "84b6cfb675ad7c6add9e286ddc16647e"
        },
        {
          "type": "image",
          "assetId": "zoMNaudIyzvT2q",
          "checksum": "7a4866f84310c021772a69f00b1c3055"
        },
        {
          "type": "image",
          "assetId": "dwBMgrqHLmSQd9",
          "checksum": "b0efd9d4a604af5451fe2927bc62ea17"
        },
        {
          "type": "image",
          "assetId": "eSldKXYCJRg4jv",
          "checksum": "692e03b2c966ff05e0d7edef7aa84869"
        },
        {
          "type": "image",
          "assetId": "grKH7tPzoGSH8d",
          "checksum": "60cb23cf32601ee9dd4076122e3a60e6"
        },
        {
          "type": "image",
          "assetId": "_GXGUXwD0BQSLy",
          "checksum": "90b04e16e069bb1bcee12a04915551fc"
        },
        {
          "type": "image",
          "assetId": "KnE7EeWjfKmxaZ",
          "checksum": "e87b1ef2cc30727cf58075dc557ecde6"
        },
        {
          "type": "image",
          "assetId": "QE89QNFGjX-UQT",
          "checksum": "aa3a090f23926b542c5e8246f23001b6"
        },
        {
          "type": "image",
          "assetId": "Dz-Vu8eLQ_mlkl",
          "checksum": "980d419255da8e3a39d40d6f718d38f2"
        },
        {
          "type": "image",
          "assetId": "eWprvDFeP7udck",
          "checksum": "991030593f19739831933c5087df8740"
        },
        {
          "type": "image",
          "assetId": "Fzx5yF5EvPR9lQ",
          "checksum": "b5ce18631c89ad9dc7785ac4abcf7f46"
        },
        {
          "type": "image",
          "assetId": "lnX4XJiCt7yGGj",
          "checksum": "2752776ae87033fbdd2c330b9fd3961d"
        },
        {
          "type": "image",
          "assetId": "W1jxMgp3XXVOzN",
          "checksum": "b27c339b5090969d1012d440628b6803"
        },
        {
          "type": "image",
          "assetId": "8J-0CyhP40DO1y",
          "checksum": "3a062c246e7606621d72a6f2094646cd"
        },
        {
          "type": "image",
          "assetId": "97D3T5JnpYoqUE",
          "checksum": "698af851a0b30dbdb99fff1e5575010c"
        },
        {
          "type": "image",
          "assetId": "OcRxW4IJ4bpoJU",
          "checksum": "d502c21d0b85b94356ce247b2ce7a2e0"
        },
        {
          "type": "image",
          "assetId": "E2WnonWSUulM0-",
          "checksum": "37a0c8f137ffe01ed25a37c07d9aca4b"
        },
        {
          "type": "image",
          "assetId": "ZJKM5tIK-RmHbz",
          "checksum": "51b1b30085cca327e4389da14c02111b"
        },
        {
          "type": "image",
          "assetId": "wxwJeIwkuveq-q",
          "checksum": "cc19dc2ad48b11f08adb6905b4d16b2b"
        },
        {
          "type": "image",
          "assetId": "dt5BIR_TQcEfrI",
          "checksum": "ac10af01f98f0677ef81441901bf47a0"
        },
        {
          "type": "image",
          "assetId": "wMZQaHxWgRP-ns",
          "checksum": "df110d33f2da02e91065197a64bbaac7"
        },
        {
          "type": "image",
          "assetId": "YAcM6-m_jpD6oE",
          "checksum": "ac4ebdeff505faab36751bfae1d76b0c"
        },
        {
          "type": "image",
          "assetId": "g_2OkEs32e8K2O",
          "checksum": "58ad073267da30401f0d8214318a501f"
        },
        {
          "type": "image",
          "assetId": "MFkF-27xv2YBOR",
          "checksum": "09c36bba496dd20391cf8225a12fa34d"
        },
        {
          "type": "image",
          "assetId": "uVlNsIOvlnXG6m",
          "checksum": "582f78e81ab168147f4aa4ecc429ab8f"
        },
        {
          "type": "image",
          "assetId": "tjRigr0r8UKs3K",
          "checksum": "e365bf0c9e88e2ce0f845be2f12c0217"
        },
        {
          "type": "image",
          "assetId": "1WyY9HDnnk5xhJ",
          "checksum": "ab7e58ffea345fc86d98eb076163ceef"
        },
        {
          "type": "image",
          "assetId": "r3d4AvOHXEl0Kb",
          "checksum": "36993e2b241ee53b5b83292e3ba109e2"
        },
        {
          "type": "image",
          "assetId": "voJvD3yxMh06TA",
          "checksum": "c8f9eb942500ec1ada7791e708b301ae"
        },
        {
          "type": "image",
          "assetId": "WRE6XKOUXFMN6G",
          "checksum": "f327e8abf2f696c5cd391efacdc55df3"
        },
        {
          "type": "image",
          "assetId": "hLYcLAVkQoaukg",
          "checksum": "7ee3afe1e4ed39ed94b6799465a6d73f"
        },
        {
          "type": "image",
          "assetId": "oOJPAq7MLcwXk9",
          "checksum": "3738a15da785807a7e918cd6435afd1f"
        },
        {
          "type": "image",
          "assetId": "sJkGEyxsI7LUsj",
          "checksum": "2aed8d44685e227b8f806d15f7a98cfe"
        },
        {
          "type": "image",
          "assetId": "NRQmjwpmzcAxim",
          "checksum": "9bbdf4e23cb9ec9631b3c2368bae2fa9"
        },
        {
          "type": "image",
          "assetId": "VurHJk7tD048rT",
          "checksum": "2eec56e8d72fd799c2982e81e0f3758f"
        },
        {
          "type": "image",
          "assetId": "Mfn5D7VK2Zpy4X",
          "checksum": "b76177ce090cb24fd2886cb597bb642b"
        },
        {
          "type": "image",
          "assetId": "8VR0ielrB0tdM4",
          "checksum": "96d22865178de059d845fd48b6fa06f2"
        },
        {
          "type": "image",
          "assetId": "THnCd2Pww9RlH8",
          "checksum": "51ac10457533a233f49c863c2e2183a8"
        },
        {
          "type": "image",
          "assetId": "0ekJVtZzXSZQpt",
          "checksum": "c432adb4791c3dd4a5bc5e589f2b9943"
        },
        {
          "type": "image",
          "assetId": "pVl4SfNmbg59Sc",
          "checksum": "bc650ca7771b2b06ee8071f8bd62a291"
        },
        {
          "type": "image",
          "assetId": "-pu7ROChRUIPk6",
          "checksum": "6b0e7ed5d7b8798ca3b6100679c636a1"
        },
        {
          "type": "image",
          "assetId": "EDmmFzhYgqTyEo",
          "checksum": "1bdc029e9cabf54533d0a33e1e96bc06"
        },
        {
          "type": "image",
          "assetId": "hw8l5toNdn_Imu",
          "checksum": "b5358798d1822afb35c779cefbccdff5"
        },
        {
          "type": "image",
          "assetId": "yWzSD6QI-d0vYy",
          "checksum": "b463978efdcd48f5baf34d911e42c4ee"
        },
        {
          "type": "image",
          "assetId": "KRU1cuA_5u34A1",
          "checksum": "f0cbd4cdc4938e751999a20f915b76af"
        },
        {
          "type": "image",
          "assetId": "idWlWW2Sd5OKU_",
          "checksum": "495a94ba1e25340e79a091fc34ea97bb"
        },
        {
          "type": "image",
          "assetId": "1H3GxuHrXyNWmT",
          "checksum": "a9c96489e5eb8ee68d66889a2c8b829c"
        },
        {
          "type": "image",
          "assetId": "grFZDfJSMxaq1N",
          "checksum": "be566611e74fc3138c68b948e9f35e6d"
        },
        {
          "type": "image",
          "assetId": "09-mg5gbKzWpaJ",
          "checksum": "39cdca6b6dfcbaa52fe0afd08b7183f6"
        },
        {
          "type": "image",
          "assetId": "7rdg_JqDyrD1vb",
          "checksum": "91d36fa00712363d3c1c6214d27bb9ef"
        },
        {
          "type": "image",
          "assetId": "ljjb7RJMeo_d2Z",
          "checksum": "ec818f9ee77a9009c33d89a6ee8c10a6"
        },
        {
          "type": "image",
          "assetId": "NWbTn3X3nyVbEH",
          "checksum": "9c199099e84daa24fb90369831eaf7b9"
        },
        {
          "type": "image",
          "assetId": "6ndBeJ9hQd4dWH",
          "checksum": "fe45b8122c632d31ca7ad82bcd91018a"
        },
        {
          "type": "image",
          "assetId": "GoR3_-eTE8D_jH",
          "checksum": "d4ed86bdff590c1edeb041f2648309cb"
        },
        {
          "type": "image",
          "assetId": "hLnItXB2O6Nzds",
          "checksum": "208a0ed39d6d936ea9a2a61f07e851d1"
        },
        {
          "type": "image",
          "assetId": "1pvQB5RjsSGoPI",
          "checksum": "0ccc591e7955f10f67aaea5c4d2f1562"
        },
        {
          "type": "image",
          "assetId": "IitN1IpXf97mi0",
          "checksum": "55eb0024304507cb68b211489c5e0968"
        },
        {
          "type": "image",
          "assetId": "pfbihTeJJLf1tT",
          "checksum": "23b2c78c93a8025ecccc84ee2fedaf2b"
        },
        {
          "type": "image",
          "assetId": "hJ-jZYBUmtecda",
          "checksum": "db45b448b4046423a35c25f1875d10cb"
        },
        {
          "type": "image",
          "assetId": "xN93HvvY5AcZAa",
          "checksum": "2f811061039725a7cf95f0657b3ec560"
        },
        {
          "type": "image",
          "assetId": "4SF9I3DcSylTS-",
          "checksum": "73314aca9d38015dd43a605c230b7d62"
        },
        {
          "type": "image",
          "assetId": "-Z0r5mWnhXSGFs",
          "checksum": "d75890a45d762f151bb4fb2de5420be4"
        },
        {
          "type": "image",
          "assetId": "WQtrJ8aQdy_EcF",
          "checksum": "d1405dc20b0c3d4b80abbbd4973606fd"
        },
        {
          "type": "image",
          "assetId": "ZBwuCWgJCdXZZa",
          "checksum": "ee6dc1c5fa36123a847303c9be594d4e"
        },
        {
          "type": "image",
          "assetId": "KN5eyvHgMMWV1G",
          "checksum": "a9be942f5af1750a877ba216ada7d234"
        },
        {
          "type": "image",
          "assetId": "N0gPwu9SZjVa0D",
          "checksum": "c58c8a595ce2506386340ebc9f3af7f9"
        },
        {
          "type": "image",
          "assetId": "v2Z_xeTpqNi0Dq",
          "checksum": "09286a2b9bd6f0de889e5225b24922bb"
        },
        {
          "type": "image",
          "assetId": "y6IXJaqKsDR6nl",
          "checksum": "ae4c21b5dd872624c9c06fa852931494"
        },
        {
          "type": "image",
          "assetId": "9tkkYZMN51E94b",
          "checksum": "39615d4a23b16982ce83268c5be1fda9"
        },
        {
          "type": "image",
          "assetId": "8k56SLtWWQBhf2",
          "checksum": "deac63a8a4de168d2c2d9f88769fb8f9"
        },
        {
          "type": "image",
          "assetId": "6VUvsacSGEDqNa",
          "checksum": "e5b0f191e9eefd191c076ecf654bc710"
        },
        {
          "type": "image",
          "assetId": "uk4UDEePqwa1l-",
          "checksum": "238941997245543cb7b81783dd49b507"
        },
        {
          "type": "image",
          "assetId": "VY8J73HCrXeOmI",
          "checksum": "267bb82bc62b2f952346acdbdb9b788b"
        },
        {
          "type": "image",
          "assetId": "u_ao2VuCxxcF8d",
          "checksum": "38a99a5c3ea35500e2a0378cbf9034f2"
        },
        {
          "type": "image",
          "assetId": "KipSnpmeP-hjNO",
          "checksum": "b2e41f51c9ac076b52fd46d45a96ab5f"
        },
        {
          "type": "image",
          "assetId": "0ongrenAF0JOq0",
          "checksum": "d2e633752c47f331e88d0b4edec2813b"
        },
        {
          "type": "image",
          "assetId": "kh73gwiF5tou97",
          "checksum": "e18724450ca1b61de2972a36813d3293"
        },
        {
          "type": "image",
          "assetId": "yH1-X1giNo6qxs",
          "checksum": "39913d11e15e14d934def2d77075349b"
        },
        {
          "type": "image",
          "assetId": "v0W-EdAN6OXu6J",
          "checksum": "d3aab310138d9b40586441fbd787a5a5"
        },
        {
          "type": "image",
          "assetId": "ukDsVmSgtrrafC",
          "checksum": "b0e2259343be8b63f128c192451fcc19"
        },
        {
          "type": "image",
          "assetId": "evH1pDirG31Ssy",
          "checksum": "38fcff1db2bf42bd98f27d2f407bd10d"
        },
        {
          "type": "image",
          "assetId": "GRmfCG3EVO-ngm",
          "checksum": "07ba372d8a6e12ee43a734d2fd4be204"
        },
        {
          "type": "image",
          "assetId": "wxzh6fBosVqkoq",
          "checksum": "a9698334492e79ea1d7b839d34492613"
        },
        {
          "type": "image",
          "assetId": "621R3bK3oh4QtE",
          "checksum": "36a09cdad963d66f3809f69a91a9f5c9"
        },
        {
          "type": "image",
          "assetId": "AazTtn_SwRSDLR",
          "checksum": "7f6774b59b5abefca4e83494e2896ab0"
        },
        {
          "type": "image",
          "assetId": "AXzWRIoAPZuO4Q",
          "checksum": "ff6764e6a2a5a11c039055dd31ca48b3"
        },
        {
          "type": "image",
          "assetId": "J6xTLGVFs9Dcku",
          "checksum": "b890b4f42499b18d13fa19bc4b831067"
        },
        {
          "type": "image",
          "assetId": "1IWwgcU0Jl-zh6",
          "checksum": "565f093bd2fec4962c21d8feb387a7fa"
        },
        {
          "type": "image",
          "assetId": "4ixu4674vwjByt",
          "checksum": "17b0e23a5a116ffb139a191d72b98068"
        },
        {
          "type": "image",
          "assetId": "4cp18cP6AOg2Iu",
          "checksum": "685c9b9c8d945cc21b4d9cd54ce05405"
        },
        {
          "type": "image",
          "assetId": "RHB8OitquhaaCm",
          "checksum": "8ecb701e1f7873d0838ae7ce46a15c38"
        },
        {
          "type": "image",
          "assetId": "ZCsa5rZQxeabwh",
          "checksum": "79cc87a36849d3983980010fde9c13a9"
        },
        {
          "type": "image",
          "assetId": "qnwIwY_9wiqqG1",
          "checksum": "f13404bf661db7f8a5e2b68f3ba56103"
        },
        {
          "type": "image",
          "assetId": "Li53oMEfteEgB7",
          "checksum": "d55b2f075d21e39d634f2fe97d61c3db"
        },
        {
          "type": "image",
          "assetId": "tMzNlNkmShv-6Y",
          "checksum": "2761a0f6ba43c36546b72fbef441be6e"
        },
        {
          "type": "image",
          "assetId": "HVGnW1Pmv_CtlM",
          "checksum": "d127164ad69056edfd931c6a910f6421"
        },
        {
          "type": "image",
          "assetId": "krE_cMQKJNwl6Y",
          "checksum": "5ab3ec4740ad771fef9686c2104cb320"
        },
        {
          "type": "image",
          "assetId": "UJCgmEl8wURzfx",
          "checksum": "f98ad53d217b31a5487c4e1ac22c8731"
        },
        {
          "type": "image",
          "assetId": "7ZEUThrsksPvH4",
          "checksum": "ca61f79c1cf4e887e42c28281992ab37"
        },
        {
          "type": "image",
          "assetId": "3Zq4-vh2eLusmo",
          "checksum": "c0ece725ad388ed59947074967b59558"
        },
        {
          "type": "image",
          "assetId": "SkB4Z0dd27PT9p",
          "checksum": "58ca2eccfe819e36be610669f9b5d554"
        },
        {
          "type": "image",
          "assetId": "VB1e0xyAAqqB1l",
          "checksum": "77be1507c78ca8b362c02bdc7d0b8b97"
        },
        {
          "type": "image",
          "assetId": "T3MjAPCEA349Es",
          "checksum": "75e245593963f27968b2dfba585bf373"
        },
        {
          "type": "image",
          "assetId": "_jwq5H3ZiVQGny",
          "checksum": "5423ee779b20a0667572fa626d0905f5"
        },
        {
          "type": "image",
          "assetId": "yQ1nrGjVGSlyFo",
          "checksum": "4dffed190ab8b7d391076a7c3b6e57fe"
        },
        {
          "type": "image",
          "assetId": "pIdsrDKaLFPfzj",
          "checksum": "c49914940128eb24aece2bcf2dc323ed"
        },
        {
          "type": "image",
          "assetId": "-bW4KAMddrY642",
          "checksum": "3c09d8a16f144f496607f7acc45a3594"
        },
        {
          "type": "image",
          "assetId": "oZrprmKp1N-bb1",
          "checksum": "75b832df858c6dfda91a99becee99ae9"
        },
        {
          "type": "image",
          "assetId": "oOBDQGSmnx82I_",
          "checksum": "7b65afba02ba4092100f8803ede00d66"
        },
        {
          "type": "image",
          "assetId": "6aVr_Xx2RRra-y",
          "checksum": "08ee525dc4aeeffeafdaf8cf610a4a6a"
        },
        {
          "type": "image",
          "assetId": "rKxi_Y0y62qt6f",
          "checksum": "ba391300fad8573739745da5691acb15"
        },
        {
          "type": "image",
          "assetId": "vLTWoRVDB2c5Sb",
          "checksum": "6b6c844911c65f5165edb957f8b0b7fd"
        },
        {
          "type": "image",
          "assetId": "KdMqZWQq3JH282",
          "checksum": "5f466a5f09e8d84e520f86ac977885ad"
        },
        {
          "type": "image",
          "assetId": "eeyvS5b8fctUTt",
          "checksum": "d22b49de14ff434be9ac93eb715f048a"
        },
        {
          "type": "image",
          "assetId": "EHyRG0S2z8uoR3",
          "checksum": "8148f2fb664a9a0e518c4c5a7977d8f4"
        },
        {
          "type": "image",
          "assetId": "6lmEomJ-uJRRl1",
          "checksum": "e1eccd6f2ac3ef6f2455dbcd9c555efc"
        },
        {
          "type": "image",
          "assetId": "4CaaUVgIA9D_08",
          "checksum": "816f02b5984745fe8e80fa7f95a50007"
        },
        {
          "type": "image",
          "assetId": "XaHbQalFhNyFLp",
          "checksum": "f8675878b3ad381de49e77e61681fa74"
        },
        {
          "type": "image",
          "assetId": "fPuNpzc4pD1vVR",
          "checksum": "1b6f85625e97b139cb9a188cf9472b51"
        },
        {
          "type": "image",
          "assetId": "OxD0oTXGc9DWAy",
          "checksum": "f45ad41d733010f6e971177ac4ab8af3"
        },
        {
          "type": "image",
          "assetId": "AorT-_nP9jg1dj",
          "checksum": "947645fe3849017f7bc2cb733da70ac4"
        },
        {
          "type": "image",
          "assetId": "-VKnxpyoLqcOzz",
          "checksum": "64288f4f22d926b0060816e28f53a898"
        },
        {
          "type": "image",
          "assetId": "LoQQgewbxYFtxI",
          "checksum": "80367ea3df7ac8fb143c1e68ced9ca62"
        },
        {
          "type": "image",
          "assetId": "BDJLWbxiErd2da",
          "checksum": "e2b32e67d7a802497f79774bcf7ef3b1"
        },
        {
          "type": "image",
          "assetId": "Mr4sB51FdcKnOW",
          "checksum": "ca9d45c6a0d71f4fec453a4f85c26249"
        },
        {
          "type": "image",
          "assetId": "cg8HRTc-wmaxR9",
          "checksum": "fa30b3a06690bcad1cf2ec6dfa1a6f56"
        },
        {
          "type": "image",
          "assetId": "Wu96iCjPym4LA1",
          "checksum": "068c6e8b9970b2b343713d78e818fec3"
        },
        {
          "type": "image",
          "assetId": "rFPSBi31JqnAx8",
          "checksum": "1ec73e6a29f94464de9012c8f90ec8bb"
        },
        {
          "type": "image",
          "assetId": "L_hyliMXlw8s-x",
          "checksum": "d966725ce96b2c42f2c1ab91a0de2fe8"
        },
        {
          "type": "image",
          "assetId": "j07b13ogWDWuAg",
          "checksum": "ae08daf10d125ffe1c6a7bbd3fb1511d"
        },
        {
          "type": "image",
          "assetId": "OeuYgos5tAJVZO",
          "checksum": "ecd2ef873fe65d7492bed2e3c5700bdc"
        },
        {
          "type": "image",
          "assetId": "zTvPCaGI_oIjv0",
          "checksum": "d88548fce1ddb822d89bcec588ecffa0"
        },
        {
          "type": "image",
          "assetId": "FKRuouvYtrm6a_",
          "checksum": "162316990682bef2caaa9391f747dfc2"
        },
        {
          "type": "image",
          "assetId": "TEYoxejx3AE6q9",
          "checksum": "306f51570ff089e113cbbd8f022c0ed5"
        },
        {
          "type": "image",
          "assetId": "ycr3rSyhM6syLX",
          "checksum": "657b8b9ae55bef4485bd2b0400cf0eea"
        },
        {
          "type": "image",
          "assetId": "KGhHjjLAgtXUZM",
          "checksum": "3cb2c57c41399d6564bfa0e80bcbc454"
        },
        {
          "type": "image",
          "assetId": "_YIndTfmZlj5l6",
          "checksum": "cf8063f2b208f74f14febfbf73f5ae5e"
        },
        {
          "type": "image",
          "assetId": "eH9qlNTMcZHKZ5",
          "checksum": "ac831d066ac148ef2cb5c0c6fc180639"
        },
        {
          "type": "image",
          "assetId": "e0VnJjX-MHjbn8",
          "checksum": "3ab7b61b20b66ae4cc4ccc8b0f9cfaa2"
        },
        {
          "type": "image",
          "assetId": "V4OsEOvyKoHx9r",
          "checksum": "62c62e98c4c5adc0b70c34f1e5a71944"
        },
        {
          "type": "image",
          "assetId": "EoHY1UBbt83SiK",
          "checksum": "6d0da988c719a391733c9bb151506bc9"
        },
        {
          "type": "image",
          "assetId": "_vac7jCJfUJN9W",
          "checksum": "7fabecdd01d38e17945eec479a1926d6"
        },
        {
          "type": "image",
          "assetId": "6-TZCwCdMCLV1J",
          "checksum": "19aeb321ff0005885131ead36b1137fb"
        },
        {
          "type": "image",
          "assetId": "QBPZz5iLmsP-8H",
          "checksum": "b22e437853be607ffca17e3919e044e5"
        },
        {
          "type": "image",
          "assetId": "V8TSX_Q_i745O5",
          "checksum": "f04ff8fbac0a64e8e97ff94facea2eb0"
        },
        {
          "type": "image",
          "assetId": "dxs7UWB8KUrx-L",
          "checksum": "4a6efc55a00d0b8da424bf49b38ea38b"
        },
        {
          "assetId": "9KCXRstMoFK73ynxesey2n",
          "type": "projectCss",
          "checksum": "a29aadbaa84578cf54f8924f88d919d0"
        }
      ],
      "codegenVersion": "0.0.1"
    }
  ],
  "cliVersion": "0.1.273"
}
